<Solution>
  <Folder Name="/aspire/">
    <Project Path="aspire/DocVault.AppHost/DocVault.AppHost.csproj" />
    <Project Path="aspire/DocVault.ServiceDefaults/DocVault.ServiceDefaults.csproj" />
  </Folder>
  <Folder Name="/backend/" />
  <Folder Name="/backend/document-knowledge-management/">
    <Project Path="backend/document-knowledge-management/DocVault.DocumentKnowledgeManagement.API/DocVault.DocumentKnowledgeManagement.API.csproj" />
    <Project Path="backend/document-knowledge-management/DocVault.DocumentKnowledgeManagement.Application/DocVault.DocumentKnowledgeManagement.Application.csproj" />
    <Project Path="backend/document-knowledge-management/DocVault.DocumentKnowledgeManagement.Domain/DocVault.DocumentKnowledgeManagement.Domain.csproj" />
    <Project Path="backend/document-knowledge-management/DocVault.DocumentKnowledgeManagement.Infrastructure/DocVault.DocumentKnowledgeManagement.Infrastructure.csproj" />
    <Project Path="backend/document-knowledge-management/DocVault.DocumentKnowledgeManagement.Test/DocVault.DocumentKnowledgeManagement.Test.csproj" />
  </Folder>
  <Folder Name="/backend/user-management-service/">
    <Project Path="backend/user-management-service/DocVault.UserManagement.API/DocVault.UserManagement.API.csproj" />
    <Project Path="backend/user-management-service/DocVault.UserManagement.Application/DocVault.UserManagement.Application.csproj" />
    <Project Path="backend/user-management-service/DocVault.UserManagement.Domain/DocVault.UserManagement.Domain.csproj" />
    <Project Path="backend/user-management-service/DocVault.UserManagement.Infrastructure/DocVault.UserManagement.Infrastructure.csproj" />
    <Project Path="backend/user-management-service/DocVault.UserManagement.Test/DocVault.UserManagement.Test.csproj" />
  </Folder>
</Solution>
